
Microsoft Visual Studio Solution File, Format Version 12.00
# Visual Studio 14
VisualStudioVersion = 14.0.25420.1
MinimumVisualStudioVersion = 10.0.40219.1
Project("{FAE04EC0-301F-11D3-BF4B-00C04F79EFBC}") = "WebApiHost", "WebApi\WebApiHost.csproj", "{45A5C28F-04BA-40A6-88EC-135755ACC670}"
EndProject
Project("{FAE04EC0-301F-11D3-BF4B-00C04F79EFBC}") = "Receiver", "Receiver\Receiver.csproj", "{080A2E02-F9DE-4969-89E0-35E19FEFFC0F}"
EndProject
Global
	GlobalSection(SolutionConfigurationPlatforms) = preSolution
		Debug|Any CPU = Debug|Any CPU
		Release|Any CPU = Release|Any CPU
	EndGlobalSection
	GlobalSection(ProjectConfigurationPlatforms) = postSolution
		{45A5C28F-04BA-40A6-88EC-135755ACC670}.Debug|Any CPU.ActiveCfg = Debug|Any CPU
		{45A5C28F-04BA-40A6-88EC-135755ACC670}.Debug|Any CPU.Build.0 = Debug|Any CPU
		{45A5C28F-04BA-40A6-88EC-135755ACC670}.Release|Any CPU.ActiveCfg = Release|Any CPU
		{45A5C28F-04BA-40A6-88EC-135755ACC670}.Release|Any CPU.Build.0 = Release|Any CPU
		{080A2E02-F9DE-4969-89E0-35E19FEFFC0F}.Debug|Any CPU.ActiveCfg = Debug|Any CPU
		{080A2E02-F9DE-4969-89E0-35E19FEFFC0F}.Debug|Any CPU.Build.0 = Debug|Any CPU
		{080A2E02-F9DE-4969-89E0-35E19FEFFC0F}.Release|Any CPU.ActiveCfg = Release|Any CPU
		{080A2E02-F9DE-4969-89E0-35E19FEFFC0F}.Release|Any CPU.Build.0 = Release|Any CPU
	EndGlobalSection
	GlobalSection(SolutionProperties) = preSolution
		HideSolutionNode = FALSE
	EndGlobalSection
EndGlobal
